
Microsoft Visual Studio Solution File, Format Version 12.00
# Visual Studio Version 17
VisualStudioVersion = 17.0.32112.339
MinimumVisualStudioVersion = 10.0.40219.1
Project("{9A19103F-16F7-4668-BE54-9A1E7A4F7556}") = "WigeDev File Copy", "WigeDev File Copy\WigeDev File Copy.csproj", "{2929831C-2D80-4288-842E-5A6E73D68269}"
EndProject
Project("{9A19103F-16F7-4668-BE54-9A1E7A4F7556}") = "ViewModel.Interfaces", "ViewModel.Interfaces\ViewModel.Interfaces.csproj", "{43748954-939A-4D27-8721-A64F1E9F94EE}"
EndProject
Project("{9A19103F-16F7-4668-BE54-9A1E7A4F7556}") = "Tests", "Tests\Tests.csproj", "{31CA8830-BC47-44E4-AA09-DC0CC3E400FB}"
EndProject
Project("{9A19103F-16F7-4668-BE54-9A1E7A4F7556}") = "ViewModel.Implementations", "ViewModel.Implementations\ViewModel.Implementations.csproj", "{F4143B53-678B-4C96-91A6-CABE3E21F9A2}"
EndProject
Project("{9A19103F-16F7-4668-BE54-9A1E7A4F7556}") = "Validation.Interfaces", "Validation.Interfaces\Validation.Interfaces.csproj", "{B54D1480-7FD5-4605-BDCC-9AF0D0624D75}"
EndProject
Project("{9A19103F-16F7-4668-BE54-9A1E7A4F7556}") = "Validation.Implementations", "Validation.Implementations\Validation.Implementations.csproj", "{FA3A082A-CC4C-49A4-B21B-3956AAF2C510}"
EndProject
Project("{9A19103F-16F7-4668-BE54-9A1E7A4F7556}") = "Copier.Interfaces", "Copier.Interfaces\Copier.Interfaces.csproj", "{22BE38AE-EDEF-4B42-A80B-7657657B1300}"
EndProject
Project("{9A19103F-16F7-4668-BE54-9A1E7A4F7556}") = "Copier.Implementations", "Copier.Implementations\Copier.Implementations.csproj", "{568CF7C8-49AC-416D-8F57-1825D5F5A195}"
EndProject
Project("{9A19103F-16F7-4668-BE54-9A1E7A4F7556}") = "Output.Interfaces", "Output.Interfaces\Output.Interfaces.csproj", "{FB330DB8-AAC7-42C8-8620-B7864063A3B2}"
EndProject
Project("{9A19103F-16F7-4668-BE54-9A1E7A4F7556}") = "Cancellation.Interfaces", "Cancellation.Interfaces\Cancellation.Interfaces.csproj", "{1BB0F72B-C06C-44A7-AFD6-C51497A4A77A}"
EndProject
Project("{9A19103F-16F7-4668-BE54-9A1E7A4F7556}") = "Output.Implementations", "Output.Implementations\Output.Implementations.csproj", "{4F00456F-2719-4858-BE9B-C2697EE5A23E}"
EndProject
Project("{9A19103F-16F7-4668-BE54-9A1E7A4F7556}") = "Cancellation.Implementations", "Cancellation.Implementations\Cancellation.Implementations.csproj", "{74ED42C3-2333-49A1-B193-77647F595CB1}"
EndProject
Project("{9A19103F-16F7-4668-BE54-9A1E7A4F7556}") = "View", "View\View.csproj", "{161D7A05-5CF2-452B-AD58-468B862F13FA}"
EndProject
Project("{9A19103F-16F7-4668-BE54-9A1E7A4F7556}") = "Settings.Interfaces", "Settings.Interfaces\Settings.Interfaces.csproj", "{092C528B-C173-4994-B421-8C24E7608EF1}"
EndProject
Project("{9A19103F-16F7-4668-BE54-9A1E7A4F7556}") = "Settings.Implementations", "Settings.Implementations\Settings.Implementations.csproj", "{049078F4-09BE-4722-B5D2-2A9826161273}"
EndProject
Project("{9A19103F-16F7-4668-BE54-9A1E7A4F7556}") = "Execute.Interfaces", "Execute.Interfaces\Execute.Interfaces.csproj", "{C46FF472-E309-44DA-A9D4-999B93B0F659}"
EndProject
Project("{9A19103F-16F7-4668-BE54-9A1E7A4F7556}") = "Execute.Implementations", "Execute.Implementations\Execute.Implementations.csproj", "{C9592A4F-56D5-4619-8642-205F40C87DAB}"
EndProject
Project("{9A19103F-16F7-4668-BE54-9A1E7A4F7556}") = "Init.Interfaces", "Init.Interfaces\Init.Interfaces.csproj", "{47F825E1-40EC-4122-8B29-44C21949A96A}"
EndProject
Project("{9A19103F-16F7-4668-BE54-9A1E7A4F7556}") = "Init.Implementations", "Init.Implementations\Init.Implementations.csproj", "{DE640025-34BA-4A17-80C2-B63D825E9D8E}"
EndProject
Project("{FAE04EC0-301F-11D3-BF4B-00C04F79EFBC}") = "FileSystem.Interfaces", "FileSystem.Interfaces\FileSystem.Interfaces.csproj", "{55E9DDA4-1BC9-4040-915C-7186A7AFB67D}"
EndProject
Project("{FAE04EC0-301F-11D3-BF4B-00C04F79EFBC}") = "FileSystem.Implementations", "FileSystem.Implementations\FileSystem.Implementations.csproj", "{7290D57A-C804-4B81-BF88-0D336A5ECBDA}"
EndProject
Global
	GlobalSection(SolutionConfigurationPlatforms) = preSolution
		Debug|Any CPU = Debug|Any CPU
		Release|Any CPU = Release|Any CPU
	EndGlobalSection
	GlobalSection(ProjectConfigurationPlatforms) = postSolution
		{2929831C-2D80-4288-842E-5A6E73D68269}.Debug|Any CPU.ActiveCfg = Debug|Any CPU
		{2929831C-2D80-4288-842E-5A6E73D68269}.Debug|Any CPU.Build.0 = Debug|Any CPU
		{2929831C-2D80-4288-842E-5A6E73D68269}.Release|Any CPU.ActiveCfg = Release|Any CPU
		{2929831C-2D80-4288-842E-5A6E73D68269}.Release|Any CPU.Build.0 = Release|Any CPU
		{43748954-939A-4D27-8721-A64F1E9F94EE}.Debug|Any CPU.ActiveCfg = Debug|Any CPU
		{43748954-939A-4D27-8721-A64F1E9F94EE}.Debug|Any CPU.Build.0 = Debug|Any CPU
		{43748954-939A-4D27-8721-A64F1E9F94EE}.Release|Any CPU.ActiveCfg = Release|Any CPU
		{43748954-939A-4D27-8721-A64F1E9F94EE}.Release|Any CPU.Build.0 = Release|Any CPU
		{31CA8830-BC47-44E4-AA09-DC0CC3E400FB}.Debug|Any CPU.ActiveCfg = Debug|Any CPU
		{31CA8830-BC47-44E4-AA09-DC0CC3E400FB}.Debug|Any CPU.Build.0 = Debug|Any CPU
		{31CA8830-BC47-44E4-AA09-DC0CC3E400FB}.Release|Any CPU.ActiveCfg = Release|Any CPU
		{31CA8830-BC47-44E4-AA09-DC0CC3E400FB}.Release|Any CPU.Build.0 = Release|Any CPU
		{F4143B53-678B-4C96-91A6-CABE3E21F9A2}.Debug|Any CPU.ActiveCfg = Debug|Any CPU
		{F4143B53-678B-4C96-91A6-CABE3E21F9A2}.Debug|Any CPU.Build.0 = Debug|Any CPU
		{F4143B53-678B-4C96-91A6-CABE3E21F9A2}.Release|Any CPU.ActiveCfg = Release|Any CPU
		{F4143B53-678B-4C96-91A6-CABE3E21F9A2}.Release|Any CPU.Build.0 = Release|Any CPU
		{B54D1480-7FD5-4605-BDCC-9AF0D0624D75}.Debug|Any CPU.ActiveCfg = Debug|Any CPU
		{B54D1480-7FD5-4605-BDCC-9AF0D0624D75}.Debug|Any CPU.Build.0 = Debug|Any CPU
		{B54D1480-7FD5-4605-BDCC-9AF0D0624D75}.Release|Any CPU.ActiveCfg = Release|Any CPU
		{B54D1480-7FD5-4605-BDCC-9AF0D0624D75}.Release|Any CPU.Build.0 = Release|Any CPU
		{FA3A082A-CC4C-49A4-B21B-3956AAF2C510}.Debug|Any CPU.ActiveCfg = Debug|Any CPU
		{FA3A082A-CC4C-49A4-B21B-3956AAF2C510}.Debug|Any CPU.Build.0 = Debug|Any CPU
		{FA3A082A-CC4C-49A4-B21B-3956AAF2C510}.Release|Any CPU.ActiveCfg = Release|Any CPU
		{FA3A082A-CC4C-49A4-B21B-3956AAF2C510}.Release|Any CPU.Build.0 = Release|Any CPU
		{22BE38AE-EDEF-4B42-A80B-7657657B1300}.Debug|Any CPU.ActiveCfg = Debug|Any CPU
		{22BE38AE-EDEF-4B42-A80B-7657657B1300}.Debug|Any CPU.Build.0 = Debug|Any CPU
		{22BE38AE-EDEF-4B42-A80B-7657657B1300}.Release|Any CPU.ActiveCfg = Release|Any CPU
		{22BE38AE-EDEF-4B42-A80B-7657657B1300}.Release|Any CPU.Build.0 = Release|Any CPU
		{568CF7C8-49AC-416D-8F57-1825D5F5A195}.Debug|Any CPU.ActiveCfg = Debug|Any CPU
		{568CF7C8-49AC-416D-8F57-1825D5F5A195}.Debug|Any CPU.Build.0 = Debug|Any CPU
		{568CF7C8-49AC-416D-8F57-1825D5F5A195}.Release|Any CPU.ActiveCfg = Release|Any CPU
		{568CF7C8-49AC-416D-8F57-1825D5F5A195}.Release|Any CPU.Build.0 = Release|Any CPU
		{FB330DB8-AAC7-42C8-8620-B7864063A3B2}.Debug|Any CPU.ActiveCfg = Debug|Any CPU
		{FB330DB8-AAC7-42C8-8620-B7864063A3B2}.Debug|Any CPU.Build.0 = Debug|Any CPU
		{FB330DB8-AAC7-42C8-8620-B7864063A3B2}.Release|Any CPU.ActiveCfg = Release|Any CPU
		{FB330DB8-AAC7-42C8-8620-B7864063A3B2}.Release|Any CPU.Build.0 = Release|Any CPU
		{1BB0F72B-C06C-44A7-AFD6-C51497A4A77A}.Debug|Any CPU.ActiveCfg = Debug|Any CPU
		{1BB0F72B-C06C-44A7-AFD6-C51497A4A77A}.Debug|Any CPU.Build.0 = Debug|Any CPU
		{1BB0F72B-C06C-44A7-AFD6-C51497A4A77A}.Release|Any CPU.ActiveCfg = Release|Any CPU
		{1BB0F72B-C06C-44A7-AFD6-C51497A4A77A}.Release|Any CPU.Build.0 = Release|Any CPU
		{4F00456F-2719-4858-BE9B-C2697EE5A23E}.Debug|Any CPU.ActiveCfg = Debug|Any CPU
		{4F00456F-2719-4858-BE9B-C2697EE5A23E}.Debug|Any CPU.Build.0 = Debug|Any CPU
		{4F00456F-2719-4858-BE9B-C2697EE5A23E}.Release|Any CPU.ActiveCfg = Release|Any CPU
		{4F00456F-2719-4858-BE9B-C2697EE5A23E}.Release|Any CPU.Build.0 = Release|Any CPU
		{74ED42C3-2333-49A1-B193-77647F595CB1}.Debug|Any CPU.ActiveCfg = Debug|Any CPU
		{74ED42C3-2333-49A1-B193-77647F595CB1}.Debug|Any CPU.Build.0 = Debug|Any CPU
		{74ED42C3-2333-49A1-B193-77647F595CB1}.Release|Any CPU.ActiveCfg = Release|Any CPU
		{74ED42C3-2333-49A1-B193-77647F595CB1}.Release|Any CPU.Build.0 = Release|Any CPU
		{161D7A05-5CF2-452B-AD58-468B862F13FA}.Debug|Any CPU.ActiveCfg = Debug|Any CPU
		{161D7A05-5CF2-452B-AD58-468B862F13FA}.Debug|Any CPU.Build.0 = Debug|Any CPU
		{161D7A05-5CF2-452B-AD58-468B862F13FA}.Release|Any CPU.ActiveCfg = Release|Any CPU
		{161D7A05-5CF2-452B-AD58-468B862F13FA}.Release|Any CPU.Build.0 = Release|Any CPU
		{092C528B-C173-4994-B421-8C24E7608EF1}.Debug|Any CPU.ActiveCfg = Debug|Any CPU
		{092C528B-C173-4994-B421-8C24E7608EF1}.Debug|Any CPU.Build.0 = Debug|Any CPU
		{092C528B-C173-4994-B421-8C24E7608EF1}.Release|Any CPU.ActiveCfg = Release|Any CPU
		{092C528B-C173-4994-B421-8C24E7608EF1}.Release|Any CPU.Build.0 = Release|Any CPU
		{049078F4-09BE-4722-B5D2-2A9826161273}.Debug|Any CPU.ActiveCfg = Debug|Any CPU
		{049078F4-09BE-4722-B5D2-2A9826161273}.Debug|Any CPU.Build.0 = Debug|Any CPU
		{049078F4-09BE-4722-B5D2-2A9826161273}.Release|Any CPU.ActiveCfg = Release|Any CPU
		{049078F4-09BE-4722-B5D2-2A9826161273}.Release|Any CPU.Build.0 = Release|Any CPU
		{C46FF472-E309-44DA-A9D4-999B93B0F659}.Debug|Any CPU.ActiveCfg = Debug|Any CPU
		{C46FF472-E309-44DA-A9D4-999B93B0F659}.Debug|Any CPU.Build.0 = Debug|Any CPU
		{C46FF472-E309-44DA-A9D4-999B93B0F659}.Release|Any CPU.ActiveCfg = Release|Any CPU
		{C46FF472-E309-44DA-A9D4-999B93B0F659}.Release|Any CPU.Build.0 = Release|Any CPU
		{C9592A4F-56D5-4619-8642-205F40C87DAB}.Debug|Any CPU.ActiveCfg = Debug|Any CPU
		{C9592A4F-56D5-4619-8642-205F40C87DAB}.Debug|Any CPU.Build.0 = Debug|Any CPU
		{C9592A4F-56D5-4619-8642-205F40C87DAB}.Release|Any CPU.ActiveCfg = Release|Any CPU
		{C9592A4F-56D5-4619-8642-205F40C87DAB}.Release|Any CPU.Build.0 = Release|Any CPU
		{47F825E1-40EC-4122-8B29-44C21949A96A}.Debug|Any CPU.ActiveCfg = Debug|Any CPU
		{47F825E1-40EC-4122-8B29-44C21949A96A}.Debug|Any CPU.Build.0 = Debug|Any CPU
		{47F825E1-40EC-4122-8B29-44C21949A96A}.Release|Any CPU.ActiveCfg = Release|Any CPU
		{47F825E1-40EC-4122-8B29-44C21949A96A}.Release|Any CPU.Build.0 = Release|Any CPU
		{DE640025-34BA-4A17-80C2-B63D825E9D8E}.Debug|Any CPU.ActiveCfg = Debug|Any CPU
		{DE640025-34BA-4A17-80C2-B63D825E9D8E}.Debug|Any CPU.Build.0 = Debug|Any CPU
		{DE640025-34BA-4A17-80C2-B63D825E9D8E}.Release|Any CPU.ActiveCfg = Release|Any CPU
		{DE640025-34BA-4A17-80C2-B63D825E9D8E}.Release|Any CPU.Build.0 = Release|Any CPU
		{55E9DDA4-1BC9-4040-915C-7186A7AFB67D}.Debug|Any CPU.ActiveCfg = Debug|Any CPU
		{55E9DDA4-1BC9-4040-915C-7186A7AFB67D}.Debug|Any CPU.Build.0 = Debug|Any CPU
		{55E9DDA4-1BC9-4040-915C-7186A7AFB67D}.Release|Any CPU.ActiveCfg = Release|Any CPU
		{55E9DDA4-1BC9-4040-915C-7186A7AFB67D}.Release|Any CPU.Build.0 = Release|Any CPU
		{7290D57A-C804-4B81-BF88-0D336A5ECBDA}.Debug|Any CPU.ActiveCfg = Debug|Any CPU
		{7290D57A-C804-4B81-BF88-0D336A5ECBDA}.Debug|Any CPU.Build.0 = Debug|Any CPU
		{7290D57A-C804-4B81-BF88-0D336A5ECBDA}.Release|Any CPU.ActiveCfg = Release|Any CPU
		{7290D57A-C804-4B81-BF88-0D336A5ECBDA}.Release|Any CPU.Build.0 = Release|Any CPU
	EndGlobalSection
	GlobalSection(SolutionProperties) = preSolution
		HideSolutionNode = FALSE
	EndGlobalSection
	GlobalSection(ExtensibilityGlobals) = postSolution
		SolutionGuid = {8DE0C72C-7CC6-4EE3-8095-28ADA3C1C140}
	EndGlobalSection
EndGlobal
